
Microsoft Visual Studio Solution File, Format Version 12.00
# Visual Studio Version 17
VisualStudioVersion = 17.11.35222.181
MinimumVisualStudioVersion = 10.0.40219.1
Project("{FAE04EC0-301F-11D3-BF4B-00C04F79EFBC}") = "SpelAvondApp", "SpelAvondApp\SpelAvondApp.csproj", "{2B892AF7-BDA2-4785-9DA8-6E385ACF103B}"
EndProject
Project("{FAE04EC0-301F-11D3-BF4B-00C04F79EFBC}") = "SpelAvondApp.Domain", "SpelavondenApp.Domain\SpelAvondApp.Domain.csproj", "{7E0805C7-D24B-4AEA-8CED-2AAE4576ABCD}"
EndProject
Project("{FAE04EC0-301F-11D3-BF4B-00C04F79EFBC}") = "SpelAvondApp.Infrastructure", "SpelAvondApp.Infrastructure\SpelAvondApp.Infrastructure.csproj", "{403C19AB-E6CF-4BE3-B34F-C640ED2EA3F2}"
EndProject
Project("{FAE04EC0-301F-11D3-BF4B-00C04F79EFBC}") = "SpelAvondApp.Application", "SpelAvondApp.Application\SpelAvondApp.Application.csproj", "{FA4B080E-C729-404F-9172-37E09BDEC079}"
EndProject
Global
	GlobalSection(SolutionConfigurationPlatforms) = preSolution
		Debug|Any CPU = Debug|Any CPU
		Release|Any CPU = Release|Any CPU
	EndGlobalSection
	GlobalSection(ProjectConfigurationPlatforms) = postSolution
		{2B892AF7-BDA2-4785-9DA8-6E385ACF103B}.Debug|Any CPU.ActiveCfg = Debug|Any CPU
		{2B892AF7-BDA2-4785-9DA8-6E385ACF103B}.Debug|Any CPU.Build.0 = Debug|Any CPU
		{2B892AF7-BDA2-4785-9DA8-6E385ACF103B}.Release|Any CPU.ActiveCfg = Release|Any CPU
		{2B892AF7-BDA2-4785-9DA8-6E385ACF103B}.Release|Any CPU.Build.0 = Release|Any CPU
		{7E0805C7-D24B-4AEA-8CED-2AAE4576ABCD}.Debug|Any CPU.ActiveCfg = Debug|Any CPU
		{7E0805C7-D24B-4AEA-8CED-2AAE4576ABCD}.Debug|Any CPU.Build.0 = Debug|Any CPU
		{7E0805C7-D24B-4AEA-8CED-2AAE4576ABCD}.Release|Any CPU.ActiveCfg = Release|Any CPU
		{7E0805C7-D24B-4AEA-8CED-2AAE4576ABCD}.Release|Any CPU.Build.0 = Release|Any CPU
		{403C19AB-E6CF-4BE3-B34F-C640ED2EA3F2}.Debug|Any CPU.ActiveCfg = Debug|Any CPU
		{403C19AB-E6CF-4BE3-B34F-C640ED2EA3F2}.Debug|Any CPU.Build.0 = Debug|Any CPU
		{403C19AB-E6CF-4BE3-B34F-C640ED2EA3F2}.Release|Any CPU.ActiveCfg = Release|Any CPU
		{403C19AB-E6CF-4BE3-B34F-C640ED2EA3F2}.Release|Any CPU.Build.0 = Release|Any CPU
		{FA4B080E-C729-404F-9172-37E09BDEC079}.Debug|Any CPU.ActiveCfg = Debug|Any CPU
		{FA4B080E-C729-404F-9172-37E09BDEC079}.Debug|Any CPU.Build.0 = Debug|Any CPU
		{FA4B080E-C729-404F-9172-37E09BDEC079}.Release|Any CPU.ActiveCfg = Release|Any CPU
		{FA4B080E-C729-404F-9172-37E09BDEC079}.Release|Any CPU.Build.0 = Release|Any CPU
	EndGlobalSection
	GlobalSection(SolutionProperties) = preSolution
		HideSolutionNode = FALSE
	EndGlobalSection
	GlobalSection(ExtensibilityGlobals) = postSolution
		SolutionGuid = {624CF8E8-C6D1-4FD6-879D-8414C9E3E247}
	EndGlobalSection
EndGlobal
